
Microsoft Visual Studio Solution File, Format Version 12.00
# Visual Studio Version 17
VisualStudioVersion = 17.8.34330.188
MinimumVisualStudioVersion = 10.0.40219.1
Project("{FAE04EC0-301F-11D3-BF4B-00C04F79EFBC}") = "Sortowanie Tablic", "Sortowanie Tablic\Sortowanie Tablic.csproj", "{D206ACF2-8020-44E9-9B7D-AC84437C8769}"
EndProject
Global
	GlobalSection(SolutionConfigurationPlatforms) = preSolution
		Debug|Any CPU = Debug|Any CPU
		Release|Any CPU = Release|Any CPU
	EndGlobalSection
	GlobalSection(ProjectConfigurationPlatforms) = postSolution
		{D206ACF2-8020-44E9-9B7D-AC84437C8769}.Debug|Any CPU.ActiveCfg = Debug|Any CPU
		{D206ACF2-8020-44E9-9B7D-AC84437C8769}.Debug|Any CPU.Build.0 = Debug|Any CPU
		{D206ACF2-8020-44E9-9B7D-AC84437C8769}.Release|Any CPU.ActiveCfg = Release|Any CPU
		{D206ACF2-8020-44E9-9B7D-AC84437C8769}.Release|Any CPU.Build.0 = Release|Any CPU
	EndGlobalSection
	GlobalSection(SolutionProperties) = preSolution
		HideSolutionNode = FALSE
	EndGlobalSection
	GlobalSection(ExtensibilityGlobals) = postSolution
		SolutionGuid = {105B087E-9BFD-4080-8D8E-2B232AC1D45B}
	EndGlobalSection
EndGlobal
